
Microsoft Visual Studio Solution File, Format Version 12.00
# Visual Studio 15
VisualStudioVersion = 15.0.27004.2009
MinimumVisualStudioVersion = 10.0.40219.1
Project("{FAE04EC0-301F-11D3-BF4B-00C04F79EFBC}") = "ASP_Core_EF", "ASP_Core_EF\ASP_Core_EF.csproj", "{56829D20-B04F-4148-A5E7-558E6C8E339F}"
EndProject
Global
	GlobalSection(SolutionConfigurationPlatforms) = preSolution
		Debug|Any CPU = Debug|Any CPU
		Release|Any CPU = Release|Any CPU
	EndGlobalSection
	GlobalSection(ProjectConfigurationPlatforms) = postSolution
		{56829D20-B04F-4148-A5E7-558E6C8E339F}.Debug|Any CPU.ActiveCfg = Debug|Any CPU
		{56829D20-B04F-4148-A5E7-558E6C8E339F}.Debug|Any CPU.Build.0 = Debug|Any CPU
		{56829D20-B04F-4148-A5E7-558E6C8E339F}.Release|Any CPU.ActiveCfg = Release|Any CPU
		{56829D20-B04F-4148-A5E7-558E6C8E339F}.Release|Any CPU.Build.0 = Release|Any CPU
	EndGlobalSection
	GlobalSection(SolutionProperties) = preSolution
		HideSolutionNode = FALSE
	EndGlobalSection
	GlobalSection(ExtensibilityGlobals) = postSolution
		SolutionGuid = {711F6715-AF28-4C50-A5E7-ADCCDF96AB55}
	EndGlobalSection
EndGlobal
